
Microsoft Visual Studio Solution File, Format Version 12.00
# Visual Studio Version 16
VisualStudioVersion = 16.0.810.4
MinimumVisualStudioVersion = 10.0.40219.1
Project("{FAE04EC0-301F-11D3-BF4B-00C04F79EFBC}") = "DbDevOps.BackEnd", "DbDevOps.BackEnd\DbDevOps.BackEnd.csproj", "{640626A9-DE2E-49FF-A2FE-DAA6136882A4}"
EndProject
Global
	GlobalSection(SolutionConfigurationPlatforms) = preSolution
		Debug|Any CPU = Debug|Any CPU
		Release|Any CPU = Release|Any CPU
	EndGlobalSection
	GlobalSection(ProjectConfigurationPlatforms) = postSolution
		{640626A9-DE2E-49FF-A2FE-DAA6136882A4}.Debug|Any CPU.ActiveCfg = Debug|Any CPU
		{640626A9-DE2E-49FF-A2FE-DAA6136882A4}.Debug|Any CPU.Build.0 = Debug|Any CPU
		{640626A9-DE2E-49FF-A2FE-DAA6136882A4}.Release|Any CPU.ActiveCfg = Release|Any CPU
		{640626A9-DE2E-49FF-A2FE-DAA6136882A4}.Release|Any CPU.Build.0 = Release|Any CPU
	EndGlobalSection
	GlobalSection(SolutionProperties) = preSolution
		HideSolutionNode = FALSE
	EndGlobalSection
	GlobalSection(ExtensibilityGlobals) = postSolution
		SolutionGuid = {0953372C-D101-45E0-823A-FC72CC1B2E43}
	EndGlobalSection
EndGlobal
